// !$*UTF8*$!
{
	archiveVersion = 1;
	classes = {
	};
	objectVersion = 46;
	objects = {

/* Begin PBXBuildFile section */
		BF43FEC31F3F08FC0009D50D /* Observable+Extension.swift in Sources */ = {isa = PBXBuildFile; fileRef = BF43FEC21F3F08FC0009D50D /* Observable+Extension.swift */; };
		BFCBA3291F3EF70700755D64 /* AppDelegate.swift in Sources */ = {isa = PBXBuildFile; fileRef = BFCBA3281F3EF70700755D64 /* AppDelegate.swift */; };
		BFCBA32B1F3EF70700755D64 /* ViewController.swift in Sources */ = {isa = PBXBuildFile; fileRef = BFCBA32A1F3EF70700755D64 /* ViewController.swift */; };
		BFCBA32E1F3EF70700755D64 /* Main.storyboard in Resources */ = {isa = PBXBuildFile; fileRef = BFCBA32C1F3EF70700755D64 /* Main.storyboard */; };
		BFCBA3301F3EF70700755D64 /* Assets.xcassets in Resources */ = {isa = PBXBuildFile; fileRef = BFCBA32F1F3EF70700755D64 /* Assets.xcassets */; };
		BFCBA3331F3EF70700755D64 /* LaunchScreen.storyboard in Resources */ = {isa = PBXBuildFile; fileRef = BFCBA3311F3EF70700755D64 /* LaunchScreen.storyboard */; };
		BFCBA33D1F3EF8D700755D64 /* RxBlocking.framework in Frameworks */ = {isa = PBXBuildFile; fileRef = BFCBA33A1F3EF8D700755D64 /* RxBlocking.framework */; };
		BFCBA33E1F3EF8D700755D64 /* RxBlocking.framework in Embed Frameworks */ = {isa = PBXBuildFile; fileRef = BFCBA33A1F3EF8D700755D64 /* RxBlocking.framework */; settings = {ATTRIBUTES = (CodeSignOnCopy, RemoveHeadersOnCopy, ); }; };
		BFCBA33F1F3EF8D700755D64 /* RxCocoa.framework in Frameworks */ = {isa = PBXBuildFile; fileRef = BFCBA33B1F3EF8D700755D64 /* RxCocoa.framework */; };
		BFCBA3401F3EF8D700755D64 /* RxCocoa.framework in Embed Frameworks */ = {isa = PBXBuildFile; fileRef = BFCBA33B1F3EF8D700755D64 /* RxCocoa.framework */; settings = {ATTRIBUTES = (CodeSignOnCopy, RemoveHeadersOnCopy, ); }; };
		BFCBA3411F3EF8D700755D64 /* RxSwift.framework in Frameworks */ = {isa = PBXBuildFile; fileRef = BFCBA33C1F3EF8D700755D64 /* RxSwift.framework */; };
		BFCBA3421F3EF8D700755D64 /* RxSwift.framework in Embed Frameworks */ = {isa = PBXBuildFile; fileRef = BFCBA33C1F3EF8D700755D64 /* RxSwift.framework */; settings = {ATTRIBUTES = (CodeSignOnCopy, RemoveHeadersOnCopy, ); }; };
		BFCBA3451F3EF8F300755D64 /* AsyncAPI.swift in Sources */ = {isa = PBXBuildFile; fileRef = BFCBA3441F3EF8F300755D64 /* AsyncAPI.swift */; };
		BFCBA3471F3EFFE000755D64 /* Curry.swift in Sources */ = {isa = PBXBuildFile; fileRef = BFCBA3461F3EFFE000755D64 /* Curry.swift */; };
/* End PBXBuildFile section */

/* Begin PBXCopyFilesBuildPhase section */
		BFCBA3431F3EF8D700755D64 /* Embed Frameworks */ = {
			isa = PBXCopyFilesBuildPhase;
			buildActionMask = 2147483647;
			dstPath = "";
			dstSubfolderSpec = 10;
			files = (
				BFCBA3401F3EF8D700755D64 /* RxCocoa.framework in Embed Frameworks */,
				BFCBA33E1F3EF8D700755D64 /* RxBlocking.framework in Embed Frameworks */,
				BFCBA3421F3EF8D700755D64 /* RxSwift.framework in Embed Frameworks */,
			);
			name = "Embed Frameworks";
			runOnlyForDeploymentPostprocessing = 0;
		};
/* End PBXCopyFilesBuildPhase section */

/* Begin PBXFileReference section */
		BF43FEC21F3F08FC0009D50D /* Observable+Extension.swift */ = {isa = PBXFileReference; fileEncoding = 4; lastKnownFileType = sourcecode.swift; path = "Observable+Extension.swift"; sourceTree = "<group>"; };
		BFCBA3251F3EF70700755D64 /* FromAsyncToRx.app */ = {isa = PBXFileReference; explicitFileType = wrapper.application; includeInIndex = 0; path = FromAsyncToRx.app; sourceTree = BUILT_PRODUCTS_DIR; };
		BFCBA3281F3EF70700755D64 /* AppDelegate.swift */ = {isa = PBXFileReference; lastKnownFileType = sourcecode.swift; path = AppDelegate.swift; sourceTree = "<group>"; };
		BFCBA32A1F3EF70700755D64 /* ViewController.swift */ = {isa = PBXFileReference; lastKnownFileType = sourcecode.swift; path = ViewController.swift; sourceTree = "<group>"; };
		BFCBA32D1F3EF70700755D64 /* Base */ = {isa = PBXFileReference; lastKnownFileType = file.storyboard; name = Base; path = Base.lproj/Main.storyboard; sourceTree = "<group>"; };
		BFCBA32F1F3EF70700755D64 /* Assets.xcassets */ = {isa = PBXFileReference; lastKnownFileType = folder.assetcatalog; path = Assets.xcassets; sourceTree = "<group>"; };
		BFCBA3321F3EF70700755D64 /* Base */ = {isa = PBXFileReference; lastKnownFileType = file.storyboard; name = Base; path = Base.lproj/LaunchScreen.storyboard; sourceTree = "<group>"; };
		BFCBA3341F3EF70700755D64 /* Info.plist */ = {isa = PBXFileReference; lastKnownFileType = text.plist.xml; path = Info.plist; sourceTree = "<group>"; };
		BFCBA33A1F3EF8D700755D64 /* RxBlocking.framework */ = {isa = PBXFileReference; lastKnownFileType = wrapper.framework; name = RxBlocking.framework; path = Carthage/Build/iOS/RxBlocking.framework; sourceTree = "<group>"; };
		BFCBA33B1F3EF8D700755D64 /* RxCocoa.framework */ = {isa = PBXFileReference; lastKnownFileType = wrapper.framework; name = RxCocoa.framework; path = Carthage/Build/iOS/RxCocoa.framework; sourceTree = "<group>"; };
		BFCBA33C1F3EF8D700755D64 /* RxSwift.framework */ = {isa = PBXFileReference; lastKnownFileType = wrapper.framework; name = RxSwift.framework; path = Carthage/Build/iOS/RxSwift.framework; sourceTree = "<group>"; };
		BFCBA3441F3EF8F300755D64 /* AsyncAPI.swift */ = {isa = PBXFileReference; fileEncoding = 4; lastKnownFileType = sourcecode.swift; path = AsyncAPI.swift; sourceTree = "<group>"; };
		BFCBA3461F3EFFE000755D64 /* Curry.swift */ = {isa = PBXFileReference; fileEncoding = 4; lastKnownFileType = sourcecode.swift; path = Curry.swift; sourceTree = "<group>"; };
/* End PBXFileReference section */

/* Begin PBXFrameworksBuildPhase section */
		BFCBA3221F3EF70700755D64 /* Frameworks */ = {
			isa = PBXFrameworksBuildPhase;
			buildActionMask = 2147483647;
			files = (
				BFCBA33F1F3EF8D700755D64 /* RxCocoa.framework in Frameworks */,
				BFCBA33D1F3EF8D700755D64 /* RxBlocking.framework in Frameworks */,
				BFCBA3411F3EF8D700755D64 /* RxSwift.framework in Frameworks */,
			);
			runOnlyForDeploymentPostprocessing = 0;
		};
/* End PBXFrameworksBuildPhase section */

/* Begin PBXGroup section */
		BFCBA31C1F3EF70700755D64 = {
			isa = PBXGroup;
			children = (
				BFCBA3271F3EF70700755D64 /* FromAsyncToRx */,
				BFCBA33A1F3EF8D700755D64 /* RxBlocking.framework */,
				BFCBA33B1F3EF8D700755D64 /* RxCocoa.framework */,
				BFCBA33C1F3EF8D700755D64 /* RxSwift.framework */,
				BFCBA3261F3EF70700755D64 /* Products */,
			);
			sourceTree = "<group>";
		};
		BFCBA3261F3EF70700755D64 /* Products */ = {
			isa = PBXGroup;
			children = (
				BFCBA3251F3EF70700755D64 /* FromAsyncToRx.app */,
			);
			name = Products;
			sourceTree = "<group>";
		};
		BFCBA3271F3EF70700755D64 /* FromAsyncToRx */ = {
			isa = PBXGroup;
			children = (
				BFCBA3281F3EF70700755D64 /* AppDelegate.swift */,
				BFCBA32A1F3EF70700755D64 /* ViewController.swift */,
				BFCBA3441F3EF8F300755D64 /* AsyncAPI.swift */,
				BF43FEC21F3F08FC0009D50D /* Observable+Extension.swift */,
				BFCBA3461F3EFFE000755D64 /* Curry.swift */,
				BFCBA32C1F3EF70700755D64 /* Main.storyboard */,
				BFCBA32F1F3EF70700755D64 /* Assets.xcassets */,
				BFCBA3311F3EF70700755D64 /* LaunchScreen.storyboard */,
				BFCBA3341F3EF70700755D64 /* Info.plist */,
			);
			path = FromAsyncToRx;
			sourceTree = "<group>";
		};
/* End PBXGroup section */

/* Begin PBXNativeTarget section */
		BFCBA3241F3EF70700755D64 /* FromAsyncToRx */ = {
			isa = PBXNativeTarget;
			buildConfigurationList = BFCBA3371F3EF70700755D64 /* Build configuration list for PBXNativeTarget "FromAsyncToRx" */;
			buildPhases = (
				BFCBA3211F3EF70700755D64 /* Sources */,
				BFCBA3221F3EF70700755D64 /* Frameworks */,
				BFCBA3231F3EF70700755D64 /* Resources */,
				BFCBA3431F3EF8D700755D64 /* Embed Frameworks */,
			);
			buildRules = (
			);
			dependencies = (
			);
			name = FromAsyncToRx;
			productName = FromAsyncToRx;
			productReference = BFCBA3251F3EF70700755D64 /* FromAsyncToRx.app */;
			productType = "com.apple.product-type.application";
		};
/* End PBXNativeTarget section */

/* Begin PBXProject section */
		BFCBA31D1F3EF70700755D64 /* Project object */ = {
			isa = PBXProject;
			attributes = {
				LastSwiftUpdateCheck = 0830;
				LastUpgradeCheck = 0830;
				ORGANIZATIONNAME = Vincent;
				TargetAttributes = {
					BFCBA3241F3EF70700755D64 = {
						CreatedOnToolsVersion = 8.3.3;
						DevelopmentTeam = 2937XWQ9VF;
						ProvisioningStyle = Automatic;
					};
				};
			};
			buildConfigurationList = BFCBA3201F3EF70700755D64 /* Build configuration list for PBXProject "FromAsyncToRx" */;
			compatibilityVersion = "Xcode 3.2";
			developmentRegion = English;
			hasScannedForEncodings = 0;
			knownRegions = (
				en,
				Base,
			);
			mainGroup = BFCBA31C1F3EF70700755D64;
			productRefGroup = BFCBA3261F3EF70700755D64 /* Products */;
			projectDirPath = "";
			projectRoot = "";
			targets = (
				BFCBA3241F3EF70700755D64 /* FromAsyncToRx */,
			);
		};
/* End PBXProject section */

/* Begin PBXResourcesBuildPhase section */
		BFCBA3231F3EF70700755D64 /* Resources */ = {
			isa = PBXResourcesBuildPhase;
			buildActionMask = 2147483647;
			files = (
				BFCBA3331F3EF70700755D64 /* LaunchScreen.storyboard in Resources */,
				BFCBA3301F3EF70700755D64 /* Assets.xcassets in Resources */,
				BFCBA32E1F3EF70700755D64 /* Main.storyboard in Resources */,
			);
			runOnlyForDeploymentPostprocessing = 0;
		};
/* End PBXResourcesBuildPhase section */

/* Begin PBXSourcesBuildPhase section */
		BFCBA3211F3EF70700755D64 /* Sources */ = {
			isa = PBXSourcesBuildPhase;
			buildActionMask = 2147483647;
			files = (
				BFCBA32B1F3EF70700755D64 /* ViewController.swift in Sources */,
				BFCBA3451F3EF8F300755D64 /* AsyncAPI.swift in Sources */,
				BF43FEC31F3F08FC0009D50D /* Observable+Extension.swift in Sources */,
				BFCBA3291F3EF70700755D64 /* AppDelegate.swift in Sources */,
				BFCBA3471F3EFFE000755D64 /* Curry.swift in Sources */,
			);
			runOnlyForDeploymentPostprocessing = 0;
		};
/* End PBXSourcesBuildPhase section */

/* Begin PBXVariantGroup section */
		BFCBA32C1F3EF70700755D64 /* Main.storyboard */ = {
			isa = PBXVariantGroup;
			children = (
				BFCBA32D1F3EF70700755D64 /* Base */,
			);
			name = Main.storyboard;
			sourceTree = "<group>";
		};
		BFCBA3311F3EF70700755D64 /* LaunchScreen.storyboard */ = {
			isa = PBXVariantGroup;
			children = (
				BFCBA3321F3EF70700755D64 /* Base */,
			);
			name = LaunchScreen.storyboard;
			sourceTree = "<group>";
		};
/* End PBXVariantGroup section */

/* Begin XCBuildConfiguration section */
		BFCBA3351F3EF70700755D64 /* Debug */ = {
			isa = XCBuildConfiguration;
			buildSettings = {
				ALWAYS_SEARCH_USER_PATHS = NO;
				CLANG_ANALYZER_NONNULL = YES;
				CLANG_ANALYZER_NUMBER_OBJECT_CONVERSION = YES_AGGRESSIVE;
				CLANG_CXX_LANGUAGE_STANDARD = "gnu++0x";
				CLANG_CXX_LIBRARY = "libc++";
				CLANG_ENABLE_MODULES = YES;
				CLANG_ENABLE_OBJC_ARC = YES;
				CLANG_WARN_BOOL_CONVERSION = YES;
				CLANG_WARN_CONSTANT_CONVERSION = YES;
				CLANG_WARN_DIRECT_OBJC_ISA_USAGE = YES_ERROR;
				CLANG_WARN_DOCUMENTATION_COMMENTS = YES;
				CLANG_WARN_EMPTY_BODY = YES;
				CLANG_WARN_ENUM_CONVERSION = YES;
				CLANG_WARN_INFINITE_RECURSION = YES;
				CLANG_WARN_INT_CONVERSION = YES;
				CLANG_WARN_OBJC_ROOT_CLASS = YES_ERROR;
				CLANG_WARN_SUSPICIOUS_MOVE = YES;
				CLANG_WARN_UNREACHABLE_CODE = YES;
				CLANG_WARN__DUPLICATE_METHOD_MATCH = YES;
				"CODE_SIGN_IDENTITY[sdk=iphoneos*]" = "iPhone Developer";
				COPY_PHASE_STRIP = NO;
				DEBUG_INFORMATION_FORMAT = dwarf;
				ENABLE_STRICT_OBJC_MSGSEND = YES;
				ENABLE_TESTABILITY = YES;
				GCC_C_LANGUAGE_STANDARD = gnu99;
				GCC_DYNAMIC_NO_PIC = NO;
				GCC_NO_COMMON_BLOCKS = YES;
				GCC_OPTIMIZATION_LEVEL = 0;
				GCC_PREPROCESSOR_DEFINITIONS = (
					"DEBUG=1",
					"$(inherited)",
				);
				GCC_WARN_64_TO_32_BIT_CONVERSION = YES;
				GCC_WARN_ABOUT_RETURN_TYPE = YES_ERROR;
				GCC_WARN_UNDECLARED_SELECTOR = YES;
				GCC_WARN_UNINITIALIZED_AUTOS = YES_AGGRESSIVE;
				GCC_WARN_UNUSED_FUNCTION = YES;
				GCC_WARN_UNUSED_VARIABLE = YES;
				IPHONEOS_DEPLOYMENT_TARGET = 10.3;
				MTL_ENABLE_DEBUG_INFO = YES;
				ONLY_ACTIVE_ARCH = YES;
				SDKROOT = iphoneos;
				SWIFT_ACTIVE_COMPILATION_CONDITIONS = DEBUG;
				SWIFT_OPTIMIZATION_LEVEL = "-Onone";
				TARGETED_DEVICE_FAMILY = "1,2";
			};
			name = Debug;
		};
		BFCBA3361F3EF70700755D64 /* Release */ = {
			isa = XCBuildConfiguration;
			buildSettings = {
				ALWAYS_SEARCH_USER_PATHS = NO;
				CLANG_ANALYZER_NONNULL = YES;
				CLANG_ANALYZER_NUMBER_OBJECT_CONVERSION = YES_AGGRESSIVE;
				CLANG_CXX_LANGUAGE_STANDARD = "gnu++0x";
				CLANG_CXX_LIBRARY = "libc++";
				CLANG_ENABLE_MODULES = YES;
				CLANG_ENABLE_OBJC_ARC = YES;
				CLANG_WARN_BOOL_CONVERSION = YES;
				CLANG_WARN_CONSTANT_CONVERSION = YES;
				CLANG_WARN_DIRECT_OBJC_ISA_USAGE = YES_ERROR;
				CLANG_WARN_DOCUMENTATION_COMMENTS = YES;
				CLANG_WARN_EMPTY_BODY = YES;
				CLANG_WARN_ENUM_CONVERSION = YES;
				CLANG_WARN_INFINITE_RECURSION = YES;
				CLANG_WARN_INT_CONVERSION = YES;
				CLANG_WARN_OBJC_ROOT_CLASS = YES_ERROR;
				CLANG_WARN_SUSPICIOUS_MOVE = YES;
				CLANG_WARN_UNREACHABLE_CODE = YES;
				CLANG_WARN__DUPLICATE_METHOD_MATCH = YES;
				"CODE_SIGN_IDENTITY[sdk=iphoneos*]" = "iPhone Developer";
				COPY_PHASE_STRIP = NO;
				DEBUG_INFORMATION_FORMAT = "dwarf-with-dsym";
				ENABLE_NS_ASSERTIONS = NO;
				ENABLE_STRICT_OBJC_MSGSEND = YES;
				GCC_C_LANGUAGE_STANDARD = gnu99;
				GCC_NO_COMMON_BLOCKS = YES;
				GCC_WARN_64_TO_32_BIT_CONVERSION = YES;
				GCC_WARN_ABOUT_RETURN_TYPE = YES_ERROR;
				GCC_WARN_UNDECLARED_SELECTOR = YES;
				GCC_WARN_UNINITIALIZED_AUTOS = YES_AGGRESSIVE;
				GCC_WARN_UNUSED_FUNCTION = YES;
				GCC_WARN_UNUSED_VARIABLE = YES;
				IPHONEOS_DEPLOYMENT_TARGET = 10.3;
				MTL_ENABLE_DEBUG_INFO = NO;
				SDKROOT = iphoneos;
				SWIFT_OPTIMIZATION_LEVEL = "-Owholemodule";
				TARGETED_DEVICE_FAMILY = "1,2";
				VALIDATE_PRODUCT = YES;
			};
			name = Release;
		};
		BFCBA3381F3EF70700755D64 /* Debug */ = {
			isa = XCBuildConfiguration;
			buildSettings = {
				ASSETCATALOG_COMPILER_APPICON_NAME = AppIcon;
				DEVELOPMENT_TEAM = 2937XWQ9VF;
				FRAMEWORK_SEARCH_PATHS = (
					"$(inherited)",
					"$(PROJECT_DIR)/Carthage/Build/iOS",
				);
				INFOPLIST_FILE = FromAsyncToRx/Info.plist;
				LD_RUNPATH_SEARCH_PATHS = "$(inherited) @executable_path/Frameworks";
				PRODUCT_BUNDLE_IDENTIFIER = fr.vincentpradeilles.FromAsyncToRx;
				PRODUCT_NAME = "$(TARGET_NAME)";
				SWIFT_VERSION = 3.0;
			};
			name = Debug;
		};
		BFCBA3391F3EF70700755D64 /* Release */ = {
			isa = XCBuildConfiguration;
			buildSettings = {
				ASSETCATALOG_COMPILER_APPICON_NAME = AppIcon;
				DEVELOPMENT_TEAM = 2937XWQ9VF;
				FRAMEWORK_SEARCH_PATHS = (
					"$(inherited)",
					"$(PROJECT_DIR)/Carthage/Build/iOS",
				);
				INFOPLIST_FILE = FromAsyncToRx/Info.plist;
				LD_RUNPATH_SEARCH_PATHS = "$(inherited) @executable_path/Frameworks";
				PRODUCT_BUNDLE_IDENTIFIER = fr.vincentpradeilles.FromAsyncToRx;
				PRODUCT_NAME = "$(TARGET_NAME)";
				SWIFT_VERSION = 3.0;
			};
			name = Release;
		};
/* End XCBuildConfiguration section */

/* Begin XCConfigurationList section */
		BFCBA3201F3EF70700755D64 /* Build configuration list for PBXProject "FromAsyncToRx" */ = {
			isa = XCConfigurationList;
			buildConfigurations = (
				BFCBA3351F3EF70700755D64 /* Debug */,
				BFCBA3361F3EF70700755D64 /* Release */,
			);
			defaultConfigurationIsVisible = 0;
			defaultConfigurationName = Release;
		};
		BFCBA3371F3EF70700755D64 /* Build configuration list for PBXNativeTarget "FromAsyncToRx" */ = {
			isa = XCConfigurationList;
			buildConfigurations = (
				BFCBA3381F3EF70700755D64 /* Debug */,
				BFCBA3391F3EF70700755D64 /* Release */,
			);
			defaultConfigurationIsVisible = 0;
			defaultConfigurationName = Release;
		};
/* End XCConfigurationList section */
	};
	rootObject = BFCBA31D1F3EF70700755D64 /* Project object */;
}
